{
    "_readme": [
        "Generated by innobrain/soak-time. Records package integrity evidence",
        "for every version installed into this project. Commit alongside composer.lock.",
        "A mismatch against recorded hashes, source references, or canonical URLs",
        "hard-fails the run \u2014 the signal of an altered historical release."
    ],
    "_version": 2,
    "packages": {
        "brick/math": {
            "0.14.8": {
                "sha256": "0f0af256176cc3e3845b9407945cf91316e13e945dc4e070faa50989f6527000",
                "sourceReference": "63422359a44b7f06cae63c3b429b59e8efcc0629",
                "sourceUrl": "https://github.com/brick/math.git",
                "distUrl": "https://api.github.com/repos/brick/math/zipball/63422359a44b7f06cae63c3b429b59e8efcc0629",
                "firstSeenAt": "2026-07-08T04:26:28+00:00"
            }
        },
        "doctrine/deprecations": {
            "1.1.6": {
                "sha256": "a14915085dc61e181aa11b277ce2f268e62bdb72e579aab307e7cfa95860e0d7",
                "sourceReference": "d4fe3e6fd9bb9e72557a19674f44d8ac7db4c6ca",
                "sourceUrl": "https://github.com/doctrine/deprecations.git",
                "distUrl": "https://api.github.com/repos/doctrine/deprecations/zipball/d4fe3e6fd9bb9e72557a19674f44d8ac7db4c6ca",
                "firstSeenAt": "2026-07-08T04:26:25+00:00"
            }
        },
        "dragonmantank/cron-expression": {
            "v3.6.0": {
                "sha256": "84ca414e245d5219fd723a74983d24f98112a2e3fd0b3ed7b74c6402177c5bea",
                "sourceReference": "d61a8a9604ec1f8c3d150d09db6ce98b32675013",
                "sourceUrl": "https://github.com/dragonmantank/cron-expression.git",
                "distUrl": "https://api.github.com/repos/dragonmantank/cron-expression/zipball/d61a8a9604ec1f8c3d150d09db6ce98b32675013",
                "firstSeenAt": "2026-07-08T04:26:25+00:00"
            }
        },
        "fruitcake/php-cors": {
            "v1.4.0": {
                "sha256": "4c94fa9889a830620302d0392cbbc22da98a4f1daef4c01e35f95b182b1fcbf6",
                "sourceReference": "38aaa6c3fd4c157ffe2a4d10aa8b9b16ba8de379",
                "sourceUrl": "https://github.com/fruitcake/php-cors.git",
                "distUrl": "https://api.github.com/repos/fruitcake/php-cors/zipball/38aaa6c3fd4c157ffe2a4d10aa8b9b16ba8de379",
                "firstSeenAt": "2026-07-08T04:26:25+00:00"
            }
        },
        "graham-campbell/result-type": {
            "v1.1.4": {
                "sha256": "a38ecacf6bdf1e1f9bd6d7af4c11699e56bca97fec5c17a79548629420eca641",
                "sourceReference": "e01f4a821471308ba86aa202fed6698b6b695e3b",
                "sourceUrl": "https://github.com/GrahamCampbell/Result-Type.git",
                "distUrl": "https://api.github.com/repos/GrahamCampbell/Result-Type/zipball/e01f4a821471308ba86aa202fed6698b6b695e3b",
                "firstSeenAt": "2026-07-08T04:26:25+00:00"
            }
        },
        "guzzlehttp/guzzle": {
            "7.13.1": {
                "sha256": "edf99595a0400d3097f49fd909b554d41203d4a0140b7262c4e20cccd76280d6",
                "sourceReference": "55901a76dfd2006a0cc012b9e3c5b487f796478d",
                "sourceUrl": "https://github.com/guzzle/guzzle.git",
                "distUrl": "https://api.github.com/repos/guzzle/guzzle/zipball/55901a76dfd2006a0cc012b9e3c5b487f796478d",
                "firstSeenAt": "2026-07-08T04:26:27+00:00"
            }
        },
        "guzzlehttp/promises": {
            "2.5.0": {
                "sha256": "c016f016a9b2e5177025418b51e187c2c47ee9ebde1d1135755e4a5bd478aa9d",
                "sourceReference": "4360e982f87f5f258bf872d094647791db2f4c8e",
                "sourceUrl": "https://github.com/guzzle/promises.git",
                "distUrl": "https://api.github.com/repos/guzzle/promises/zipball/4360e982f87f5f258bf872d094647791db2f4c8e",
                "firstSeenAt": "2026-07-08T04:26:25+00:00"
            }
        },
        "guzzlehttp/psr7": {
            "2.12.3": {
                "sha256": "c81d2be388b34cd1ec2600606ea1664536fb1637492147900c183812123108c7",
                "sourceReference": "7ec62dc3f44aa218487dbed81a9bf9bc647be55d",
                "sourceUrl": "https://github.com/guzzle/psr7.git",
                "distUrl": "https://api.github.com/repos/guzzle/psr7/zipball/7ec62dc3f44aa218487dbed81a9bf9bc647be55d",
                "firstSeenAt": "2026-07-08T04:26:25+00:00"
            }
        },
        "guzzlehttp/uri-template": {
            "v1.0.8": {
                "sha256": "e56c1b846bfb95fca8cadcf52221d18770b714a7e6a94019d6b0da1522df0d5e",
                "sourceReference": "9c19128923b05a5d7355e5d2318d7808b7e33bbd",
                "sourceUrl": "https://github.com/guzzle/uri-template.git",
                "distUrl": "https://api.github.com/repos/guzzle/uri-template/zipball/9c19128923b05a5d7355e5d2318d7808b7e33bbd",
                "firstSeenAt": "2026-07-08T04:26:25+00:00"
            }
        },
        "laravel/framework": {
            "v12.62.0": {
                "sha256": "a08364795a50473ab271878e4a46054becef918b4465b2b925104d893646c821",
                "sourceReference": "f7e61eb1e0e06a38996802b769bce9127aec227c",
                "sourceUrl": "https://github.com/laravel/framework.git",
                "distUrl": "https://api.github.com/repos/laravel/framework/zipball/f7e61eb1e0e06a38996802b769bce9127aec227c",
                "firstSeenAt": "2026-07-08T04:26:25+00:00"
            }
        },
        "laravel/prompts": {
            "v0.3.21": {
                "sha256": "a6cb21307836fa7a9cb7d76446164d4e7b1f0ded2611e4fe843dedbae9a12947",
                "sourceReference": "7753c65c281c2550c7c183f14e18062073b7d821",
                "sourceUrl": "https://github.com/laravel/prompts.git",
                "distUrl": "https://api.github.com/repos/laravel/prompts/zipball/7753c65c281c2550c7c183f14e18062073b7d821",
                "firstSeenAt": "2026-07-08T04:26:25+00:00"
            }
        },
        "laravel/serializable-closure": {
            "v2.0.13": {
                "sha256": "403a89643f22a56f5f58d55b6b6da00b435e23a703af293df81450a3f35a8b52",
                "sourceReference": "b566ee0dd251f3c4078bed003a7ce015f5ea6dce",
                "sourceUrl": "https://github.com/laravel/serializable-closure.git",
                "distUrl": "https://api.github.com/repos/laravel/serializable-closure/zipball/b566ee0dd251f3c4078bed003a7ce015f5ea6dce",
                "firstSeenAt": "2026-07-08T04:26:25+00:00"
            }
        },
        "league/commonmark": {
            "2.8.2": {
                "sha256": "63abadd34b7da47d3eccc44ae4cfb5b56346870b42e1bed272766c13535ebfbd",
                "sourceReference": "59fb075d2101740c337c7216e3f32b36c204218b",
                "sourceUrl": "https://github.com/thephpleague/commonmark.git",
                "distUrl": "https://api.github.com/repos/thephpleague/commonmark/zipball/59fb075d2101740c337c7216e3f32b36c204218b",
                "firstSeenAt": "2026-07-08T04:26:25+00:00"
            }
        },
        "league/flysystem": {
            "3.35.1": {
                "sha256": "2e05cc5c9e480811b0475bc7398a6036fcce2d42b388bba159b74d1949311513",
                "sourceReference": "f23af6c5aafd958a7593029a271d77baf5ed793c",
                "sourceUrl": "https://github.com/thephpleague/flysystem.git",
                "distUrl": "https://api.github.com/repos/thephpleague/flysystem/zipball/f23af6c5aafd958a7593029a271d77baf5ed793c",
                "firstSeenAt": "2026-07-08T04:26:25+00:00"
            }
        },
        "league/flysystem-local": {
            "3.31.0": {
                "sha256": "9f5fdc7dcf441d1274bef8e2c1f86264ce0379dd08450da6f32af581530ccf40",
                "sourceReference": "2f669db18a4c20c755c2bb7d3a7b0b2340488079",
                "sourceUrl": "https://github.com/thephpleague/flysystem-local.git",
                "distUrl": "https://api.github.com/repos/thephpleague/flysystem-local/zipball/2f669db18a4c20c755c2bb7d3a7b0b2340488079",
                "firstSeenAt": "2026-07-08T04:26:25+00:00"
            }
        },
        "league/uri": {
            "7.8.1": {
                "sha256": "7b2f3f64531b576a74ab0932903de0ba0f5937e4044d053c87c672094f487dc9",
                "sourceReference": "08cf38e3924d4f56238125547b5720496fac8fd4",
                "sourceUrl": "https://github.com/thephpleague/uri.git",
                "distUrl": "https://api.github.com/repos/thephpleague/uri/zipball/08cf38e3924d4f56238125547b5720496fac8fd4",
                "firstSeenAt": "2026-07-08T04:26:25+00:00"
            }
        },
        "league/uri-interfaces": {
            "7.8.1": {
                "sha256": "3d1f73528daae322e093f25b7ff6cc82b5f5553cd41b803999dff125ad073f98",
                "sourceReference": "85d5c77c5d6d3af6c54db4a78246364908f3c928",
                "sourceUrl": "https://github.com/thephpleague/uri-interfaces.git",
                "distUrl": "https://api.github.com/repos/thephpleague/uri-interfaces/zipball/85d5c77c5d6d3af6c54db4a78246364908f3c928",
                "firstSeenAt": "2026-07-08T04:26:25+00:00"
            }
        },
        "monolog/monolog": {
            "3.10.0": {
                "sha256": "67945f563364be8bc530bdea3bf4c04aa34fb87e259b5a31cbeda3e151d6e062",
                "sourceReference": "b321dd6749f0bf7189444158a3ce785cc16d69b0",
                "sourceUrl": "https://github.com/Seldaek/monolog.git",
                "distUrl": "https://api.github.com/repos/Seldaek/monolog/zipball/b321dd6749f0bf7189444158a3ce785cc16d69b0",
                "firstSeenAt": "2026-07-08T04:26:25+00:00"
            }
        },
        "nesbot/carbon": {
            "3.13.0": {
                "sha256": "132f8801c7a6458c2a718748596f3ee33abc816a164f69b37a3ad78f44faa9cd",
                "sourceReference": "40f6618f052df16b545f626fbf9a878e6497d16a",
                "sourceUrl": "https://github.com/CarbonPHP/carbon.git",
                "distUrl": "https://api.github.com/repos/CarbonPHP/carbon/zipball/40f6618f052df16b545f626fbf9a878e6497d16a",
                "firstSeenAt": "2026-07-08T04:26:25+00:00"
            }
        },
        "nette/schema": {
            "v1.3.5": {
                "sha256": "6bda6ab714b28247c234396dfaf4c14cf7f4f3ad073afe235bdc4e60a17e6de3",
                "sourceReference": "f0ab1a3cda782dbc5da270d28545236aa80c4002",
                "sourceUrl": "https://github.com/nette/schema.git",
                "distUrl": "https://api.github.com/repos/nette/schema/zipball/f0ab1a3cda782dbc5da270d28545236aa80c4002",
                "firstSeenAt": "2026-07-08T04:26:25+00:00"
            }
        },
        "nette/utils": {
            "v4.1.4": {
                "sha256": "d67aa9a992985c6aed0401ad77dc14e493f29b30ea7bad2ed93d824c380ce623",
                "sourceReference": "7da6c396d7ebe142bc857c20479d5e70a5e1aac7",
                "sourceUrl": "https://github.com/nette/utils.git",
                "distUrl": "https://api.github.com/repos/nette/utils/zipball/7da6c396d7ebe142bc857c20479d5e70a5e1aac7",
                "firstSeenAt": "2026-07-08T04:26:25+00:00"
            }
        },
        "nunomaduro/termwind": {
            "v2.4.0": {
                "sha256": "2d36d755b4f0a4d635f4907fd23d8e5eb5d84227d27419447ca517f9e4646263",
                "sourceReference": "712a31b768f5daea284c2169a7d227031001b9a8",
                "sourceUrl": "https://github.com/nunomaduro/termwind.git",
                "distUrl": "https://api.github.com/repos/nunomaduro/termwind/zipball/712a31b768f5daea284c2169a7d227031001b9a8",
                "firstSeenAt": "2026-07-08T04:26:25+00:00"
            }
        },
        "phpdocumentor/reflection-docblock": {
            "5.6.7": {
                "sha256": "f71d05d5cb402168a8053c2b80f68d77023af9ab0ab9855d35547a9b0438f9fc",
                "sourceReference": "31a105931bc8ffa3a123383829772e832fd8d903",
                "sourceUrl": "https://github.com/phpDocumentor/ReflectionDocBlock.git",
                "distUrl": "https://api.github.com/repos/phpDocumentor/ReflectionDocBlock/zipball/31a105931bc8ffa3a123383829772e832fd8d903",
                "firstSeenAt": "2026-07-08T04:26:25+00:00"
            }
        },
        "phpdocumentor/type-resolver": {
            "1.12.0": {
                "sha256": "8b4de68f4ccbe2b557597cf1d62958818486514affb4f1ea470537813b9f2f33",
                "sourceReference": "92a98ada2b93d9b201a613cb5a33584dde25f195",
                "sourceUrl": "https://github.com/phpDocumentor/TypeResolver.git",
                "distUrl": "https://api.github.com/repos/phpDocumentor/TypeResolver/zipball/92a98ada2b93d9b201a613cb5a33584dde25f195",
                "firstSeenAt": "2026-07-08T04:26:25+00:00"
            }
        },
        "phpoption/phpoption": {
            "1.9.5": {
                "sha256": "f3e334765ce786ca3a8025e4cdda88af792ca01e25e2c7b1e6c2ac9c69d884eb",
                "sourceReference": "75365b91986c2405cf5e1e012c5595cd487a98be",
                "sourceUrl": "https://github.com/schmittjoh/php-option.git",
                "distUrl": "https://api.github.com/repos/schmittjoh/php-option/zipball/75365b91986c2405cf5e1e012c5595cd487a98be",
                "firstSeenAt": "2026-07-08T04:26:25+00:00"
            }
        },
        "phpstan/phpdoc-parser": {
            "2.3.2": {
                "sha256": "1973a4406d7ee60741cdfa2ea2ce574f6d03d3174f1229bb35c203a9b77befba",
                "sourceReference": "a004701b11273a26cd7955a61d67a7f1e525a45a",
                "sourceUrl": "https://github.com/phpstan/phpdoc-parser.git",
                "distUrl": "https://api.github.com/repos/phpstan/phpdoc-parser/zipball/a004701b11273a26cd7955a61d67a7f1e525a45a",
                "firstSeenAt": "2026-07-08T04:26:25+00:00"
            }
        },
        "ramsey/uuid": {
            "4.9.3": {
                "sha256": "71d718c3530ed9e2d6526198b562ced882b9e547ffd5a24ef9c5aeb67d174c25",
                "sourceReference": "1df15849d00943a67d677dc9cfd80795f038c9f8",
                "sourceUrl": "https://github.com/ramsey/uuid.git",
                "distUrl": "https://api.github.com/repos/ramsey/uuid/zipball/1df15849d00943a67d677dc9cfd80795f038c9f8",
                "firstSeenAt": "2026-07-08T04:26:25+00:00"
            }
        },
        "symfony/clock": {
            "v8.1.0": {
                "sha256": "3a75cc52b13af5e157c55c2b5cdde6b4311a94a9d700daa42bcae2034a575df2",
                "sourceReference": "701ef4de9705d6c32292ebee5e8044094a09fbf6",
                "sourceUrl": "https://github.com/symfony/clock.git",
                "distUrl": "https://api.github.com/repos/symfony/clock/zipball/701ef4de9705d6c32292ebee5e8044094a09fbf6",
                "firstSeenAt": "2026-07-08T04:26:25+00:00"
            }
        },
        "symfony/console": {
            "v7.4.14": {
                "sha256": "10404d9c1b5c21d467409f7dbf215e548cb028621b71b52ea1caadf035fddc4c",
                "sourceReference": "92f58bc4bf97a92ed1b9f367f0cd44f20bde0e87",
                "sourceUrl": "https://github.com/symfony/console.git",
                "distUrl": "https://api.github.com/repos/symfony/console/zipball/92f58bc4bf97a92ed1b9f367f0cd44f20bde0e87",
                "firstSeenAt": "2026-07-08T04:26:27+00:00"
            }
        },
        "symfony/css-selector": {
            "v8.1.0": {
                "sha256": "85df398154c49fdef40b296899374c5b2bf61f8d10ed265d0b74c6eec7c4c389",
                "sourceReference": "dc0e2be45c9b5588c82414f02ac574b4b986abcd",
                "sourceUrl": "https://github.com/symfony/css-selector.git",
                "distUrl": "https://api.github.com/repos/symfony/css-selector/zipball/dc0e2be45c9b5588c82414f02ac574b4b986abcd",
                "firstSeenAt": "2026-07-08T04:26:25+00:00"
            }
        },
        "symfony/deprecation-contracts": {
            "v3.7.1": {
                "sha256": "3d91410609aa4f579406a4908e2960155fc3efd6c643884869f875aa73f9687d",
                "sourceReference": "f3202fa1b5097b0af062dc978b32ecf63404e31d",
                "sourceUrl": "https://github.com/symfony/deprecation-contracts.git",
                "distUrl": "https://api.github.com/repos/symfony/deprecation-contracts/zipball/f3202fa1b5097b0af062dc978b32ecf63404e31d",
                "firstSeenAt": "2026-07-08T04:26:25+00:00"
            }
        },
        "symfony/error-handler": {
            "v7.4.14": {
                "sha256": "8712c3043f74b7af99a0618408054193232c17e792d638afcf5ea16b45533c27",
                "sourceReference": "4e1a093b481f323e6e326451f9760c3868430673",
                "sourceUrl": "https://github.com/symfony/error-handler.git",
                "distUrl": "https://api.github.com/repos/symfony/error-handler/zipball/4e1a093b481f323e6e326451f9760c3868430673",
                "firstSeenAt": "2026-07-08T04:26:27+00:00"
            }
        },
        "symfony/event-dispatcher": {
            "v8.1.1": {
                "sha256": "479eee202d583a6da24660f62d9c8e6bd1c841f8091aa868ddf527383b1fc16a",
                "sourceReference": "abd6c11dc468725d1627302ad10f6cd486e9e3d0",
                "sourceUrl": "https://github.com/symfony/event-dispatcher.git",
                "distUrl": "https://api.github.com/repos/symfony/event-dispatcher/zipball/abd6c11dc468725d1627302ad10f6cd486e9e3d0",
                "firstSeenAt": "2026-07-08T04:26:27+00:00"
            }
        },
        "symfony/event-dispatcher-contracts": {
            "v3.7.1": {
                "sha256": "cd447f381c65803dbd3fdc94146b2f4c88f921e783ad3a12feb14417d54b7b6d",
                "sourceReference": "c7de7a00ffb67842132da02ea92988a39ccd9f4e",
                "sourceUrl": "https://github.com/symfony/event-dispatcher-contracts.git",
                "distUrl": "https://api.github.com/repos/symfony/event-dispatcher-contracts/zipball/c7de7a00ffb67842132da02ea92988a39ccd9f4e",
                "firstSeenAt": "2026-07-08T04:26:27+00:00"
            }
        },
        "symfony/finder": {
            "v7.4.14": {
                "sha256": "a45d7f9a205fa44c1a0659c3d4f7f5d74c880ad03be9402d0637c2ee622719a6",
                "sourceReference": "13b38720174286f55d1761152b575a8d1436fc25",
                "sourceUrl": "https://github.com/symfony/finder.git",
                "distUrl": "https://api.github.com/repos/symfony/finder/zipball/13b38720174286f55d1761152b575a8d1436fc25",
                "firstSeenAt": "2026-07-08T04:26:28+00:00"
            }
        },
        "symfony/http-foundation": {
            "v7.4.14": {
                "sha256": "1b242ba4ff14ddea173657bd79f7e0ae4c3bf5bd662116616b17ef8bd9512e6c",
                "sourceReference": "06db5ae1552177bf8572f8908839f12e3c06aed3",
                "sourceUrl": "https://github.com/symfony/http-foundation.git",
                "distUrl": "https://api.github.com/repos/symfony/http-foundation/zipball/06db5ae1552177bf8572f8908839f12e3c06aed3",
                "firstSeenAt": "2026-07-08T04:26:27+00:00"
            }
        },
        "symfony/http-kernel": {
            "v7.4.14": {
                "sha256": "f64b3e1bcfa3ffc0542d657c820bf4031b4d491ebe8d60df19c296084d42dd16",
                "sourceReference": "e99af79b1e776646eda0e1c23b7b45c184ff99be",
                "sourceUrl": "https://github.com/symfony/http-kernel.git",
                "distUrl": "https://api.github.com/repos/symfony/http-kernel/zipball/e99af79b1e776646eda0e1c23b7b45c184ff99be",
                "firstSeenAt": "2026-07-08T04:26:28+00:00"
            }
        },
        "symfony/mailer": {
            "v7.4.14": {
                "sha256": "ef59a57b251afc6015d75993c9619e6fa23054dbf7bae99979e2813cc9c91903",
                "sourceReference": "f88ce03ae73e3edb5c176ce1f337709996e88495",
                "sourceUrl": "https://github.com/symfony/mailer.git",
                "distUrl": "https://api.github.com/repos/symfony/mailer/zipball/f88ce03ae73e3edb5c176ce1f337709996e88495",
                "firstSeenAt": "2026-07-08T04:26:27+00:00"
            }
        },
        "symfony/mime": {
            "v7.4.13": {
                "sha256": "04061881fb24a25d9da1fced1661a907c150f7776ed169419c847e7153199cb7",
                "sourceReference": "a845722765c4f6b2ce88beaf4f4479975b186770",
                "sourceUrl": "https://github.com/symfony/mime.git",
                "distUrl": "https://api.github.com/repos/symfony/mime/zipball/a845722765c4f6b2ce88beaf4f4479975b186770",
                "firstSeenAt": "2026-07-08T04:26:27+00:00"
            }
        },
        "symfony/polyfill-ctype": {
            "v1.37.0": {
                "sha256": "922b0c6b24d1bcb6447d051edc1fc4526bcca5f88ddc4a27d885507872ceecc1",
                "sourceReference": "141046a8f9477948ff284fa65be2095baafb94f2",
                "sourceUrl": "https://github.com/symfony/polyfill-ctype.git",
                "distUrl": "https://api.github.com/repos/symfony/polyfill-ctype/zipball/141046a8f9477948ff284fa65be2095baafb94f2",
                "firstSeenAt": "2026-07-08T04:26:25+00:00"
            }
        },
        "symfony/polyfill-intl-grapheme": {
            "v1.38.1": {
                "sha256": "f4e28be599d1b7cd8e51ec5b37fb480ffb45ba1fd3546f9d1271ea868932a98e",
                "sourceReference": "e9247d281d694a5120554d9afaf54e070e88a603",
                "sourceUrl": "https://github.com/symfony/polyfill-intl-grapheme.git",
                "distUrl": "https://api.github.com/repos/symfony/polyfill-intl-grapheme/zipball/e9247d281d694a5120554d9afaf54e070e88a603",
                "firstSeenAt": "2026-07-08T04:26:25+00:00"
            }
        },
        "symfony/polyfill-intl-idn": {
            "v1.38.1": {
                "sha256": "3b06ee3a6ecf360ad9b7e4ce90809ec89722d9a7fcb8ef1f8a47620129abb6e5",
                "sourceReference": "dc21118016c039a66235cf93d96b435ffb282412",
                "sourceUrl": "https://github.com/symfony/polyfill-intl-idn.git",
                "distUrl": "https://api.github.com/repos/symfony/polyfill-intl-idn/zipball/dc21118016c039a66235cf93d96b435ffb282412",
                "firstSeenAt": "2026-07-08T04:26:25+00:00"
            }
        },
        "symfony/polyfill-intl-normalizer": {
            "v1.38.0": {
                "sha256": "ad6b8ae2e7cfa7838c20bada21e8996ee9a0b3e063a50d7fd2724d1d16c62df3",
                "sourceReference": "2d446c214bdbe5b71bde5011b060a05fece3ae6b",
                "sourceUrl": "https://github.com/symfony/polyfill-intl-normalizer.git",
                "distUrl": "https://api.github.com/repos/symfony/polyfill-intl-normalizer/zipball/2d446c214bdbe5b71bde5011b060a05fece3ae6b",
                "firstSeenAt": "2026-07-08T04:26:25+00:00"
            }
        },
        "symfony/polyfill-mbstring": {
            "v1.38.2": {
                "sha256": "36b2903d9d9b319bdcf6ec968604ad4bbfa0aabc1f9088ac18c8f633c6e76d31",
                "sourceReference": "d3d318bad5e7a1bfbd026009c8bfb8d8f99ae6b6",
                "sourceUrl": "https://github.com/symfony/polyfill-mbstring.git",
                "distUrl": "https://api.github.com/repos/symfony/polyfill-mbstring/zipball/d3d318bad5e7a1bfbd026009c8bfb8d8f99ae6b6",
                "firstSeenAt": "2026-07-08T04:26:25+00:00"
            }
        },
        "symfony/polyfill-php80": {
            "v1.37.0": {
                "sha256": "66e4e37e44e0b6bd089c355ce528260f20ee2d8656c7a82b009670dae22c186e",
                "sourceReference": "dfb55726c3a76ea3b6459fcfda1ec2d80a682411",
                "sourceUrl": "https://github.com/symfony/polyfill-php80.git",
                "distUrl": "https://api.github.com/repos/symfony/polyfill-php80/zipball/dfb55726c3a76ea3b6459fcfda1ec2d80a682411",
                "firstSeenAt": "2026-07-08T04:26:25+00:00"
            }
        },
        "symfony/polyfill-php83": {
            "v1.38.2": {
                "sha256": "188b79bdcbff45bba643b6cdc2efcb4234c134ae736a20235c134f194ffac6e7",
                "sourceReference": "796a26abb75ce49f3a84433cd81bf1009d73d5f8",
                "sourceUrl": "https://github.com/symfony/polyfill-php83.git",
                "distUrl": "https://api.github.com/repos/symfony/polyfill-php83/zipball/796a26abb75ce49f3a84433cd81bf1009d73d5f8",
                "firstSeenAt": "2026-07-08T04:26:25+00:00"
            }
        },
        "symfony/polyfill-php84": {
            "v1.38.1": {
                "sha256": "a7ffa7695afe395a6a4810b3e79cd6473afb17839ced62e01f9a3ee257242b8f",
                "sourceReference": "f4e1dfaee5b74aba5964fe1fd4dfc7ba5e3085fa",
                "sourceUrl": "https://github.com/symfony/polyfill-php84.git",
                "distUrl": "https://api.github.com/repos/symfony/polyfill-php84/zipball/f4e1dfaee5b74aba5964fe1fd4dfc7ba5e3085fa",
                "firstSeenAt": "2026-07-08T04:26:25+00:00"
            }
        },
        "symfony/polyfill-php85": {
            "v1.38.1": {
                "sha256": "830fc1ff61ef07bbd40a80597df4c547f5db44cc6cb97a81abc497d3ce33d66c",
                "sourceReference": "ba2ba04f3352cfa2dcbbcb90aee13ed967f505b1",
                "sourceUrl": "https://github.com/symfony/polyfill-php85.git",
                "distUrl": "https://api.github.com/repos/symfony/polyfill-php85/zipball/ba2ba04f3352cfa2dcbbcb90aee13ed967f505b1",
                "firstSeenAt": "2026-07-08T04:26:25+00:00"
            }
        },
        "symfony/polyfill-uuid": {
            "v1.37.0": {
                "sha256": "63eb40bd0033a55c155fc4a281036f58b59e74200f8bb8ef863448983176d642",
                "sourceReference": "26dfec253c4cf3e51b541b52ddf7e42cb0908e94",
                "sourceUrl": "https://github.com/symfony/polyfill-uuid.git",
                "distUrl": "https://api.github.com/repos/symfony/polyfill-uuid/zipball/26dfec253c4cf3e51b541b52ddf7e42cb0908e94",
                "firstSeenAt": "2026-07-08T04:26:25+00:00"
            }
        },
        "symfony/process": {
            "v7.4.13": {
                "sha256": "b09d99f4e488cc373c4c0c128f8d0029748fd229b282ae8c4fe3a20546d6384f",
                "sourceReference": "f5804be144caceb570f6747519999636b664f24c",
                "sourceUrl": "https://github.com/symfony/process.git",
                "distUrl": "https://api.github.com/repos/symfony/process/zipball/f5804be144caceb570f6747519999636b664f24c",
                "firstSeenAt": "2026-07-08T04:26:27+00:00"
            }
        },
        "symfony/routing": {
            "v7.4.13": {
                "sha256": "a5c64cd70702c1ba376ab9e3ca20731b1dae798d0e6780cfc240a45271e2f579",
                "sourceReference": "3a162171bb008e5e0f15dce6581373a4c0e8390d",
                "sourceUrl": "https://github.com/symfony/routing.git",
                "distUrl": "https://api.github.com/repos/symfony/routing/zipball/3a162171bb008e5e0f15dce6581373a4c0e8390d",
                "firstSeenAt": "2026-07-08T04:26:27+00:00"
            }
        },
        "symfony/service-contracts": {
            "v3.7.1": {
                "sha256": "b09bbb37d2b358cc2075dde62fea7cccaf8c4c4a3d5848812504e6bc44035afa",
                "sourceReference": "c0a284bab1ed8aa0417e3d69250ab437739563a0",
                "sourceUrl": "https://github.com/symfony/service-contracts.git",
                "distUrl": "https://api.github.com/repos/symfony/service-contracts/zipball/c0a284bab1ed8aa0417e3d69250ab437739563a0",
                "firstSeenAt": "2026-07-08T04:26:25+00:00"
            }
        },
        "symfony/string": {
            "v8.1.0": {
                "sha256": "22c1ad1c1b13e418b0aca32f6ed53130ba2e1cc7409b39b34b471df538b940f8",
                "sourceReference": "afd5944f4005862d961efb85c8bbd5c523c4e3c9",
                "sourceUrl": "https://github.com/symfony/string.git",
                "distUrl": "https://api.github.com/repos/symfony/string/zipball/afd5944f4005862d961efb85c8bbd5c523c4e3c9",
                "firstSeenAt": "2026-07-08T04:26:25+00:00"
            }
        },
        "symfony/translation": {
            "v8.1.1": {
                "sha256": "6f4ea8899e347a72a680a9648accd5c0b8fa0636ffbcbdd7f96218b775609458",
                "sourceReference": "342b4218630dc2cf284cedcb2080c80b13404014",
                "sourceUrl": "https://github.com/symfony/translation.git",
                "distUrl": "https://api.github.com/repos/symfony/translation/zipball/342b4218630dc2cf284cedcb2080c80b13404014",
                "firstSeenAt": "2026-07-08T04:26:28+00:00"
            }
        },
        "symfony/translation-contracts": {
            "v3.7.1": {
                "sha256": "a56c767440ea61bf22d16b2bc8102b1cf07c635da7a47bc809b4d4699a741820",
                "sourceReference": "ccb206b98faccc511ebae8e5fad50f2dc0b30621",
                "sourceUrl": "https://github.com/symfony/translation-contracts.git",
                "distUrl": "https://api.github.com/repos/symfony/translation-contracts/zipball/ccb206b98faccc511ebae8e5fad50f2dc0b30621",
                "firstSeenAt": "2026-07-08T04:26:28+00:00"
            }
        },
        "symfony/uid": {
            "v7.4.9": {
                "sha256": "e11bb8e8c1eec02cfd9389d27ed612f3fd02d7ce8ddf0473722d7830fa54c724",
                "sourceReference": "2676b524340abcfe4d6151ec698463cebafee439",
                "sourceUrl": "https://github.com/symfony/uid.git",
                "distUrl": "https://api.github.com/repos/symfony/uid/zipball/2676b524340abcfe4d6151ec698463cebafee439",
                "firstSeenAt": "2026-07-08T04:26:27+00:00"
            }
        },
        "symfony/var-dumper": {
            "v7.4.14": {
                "sha256": "94ab2e2a5e770c5b0eae12e23262978c6a9d99d4a32db81df703863b462cad87",
                "sourceReference": "9a3a56a4a1e65a5cb4f8d13801fe8ab0a170e358",
                "sourceUrl": "https://github.com/symfony/var-dumper.git",
                "distUrl": "https://api.github.com/repos/symfony/var-dumper/zipball/9a3a56a4a1e65a5cb4f8d13801fe8ab0a170e358",
                "firstSeenAt": "2026-07-08T04:26:27+00:00"
            }
        },
        "tijsverkoyen/css-to-inline-styles": {
            "v2.4.0": {
                "sha256": "714bf4832c54e936a503e3853b0a5c52626b044783a52ee49d7a4040c5c9dcab",
                "sourceReference": "f0292ccf0ec75843d65027214426b6b163b48b41",
                "sourceUrl": "https://github.com/tijsverkoyen/CssToInlineStyles.git",
                "distUrl": "https://api.github.com/repos/tijsverkoyen/CssToInlineStyles/zipball/f0292ccf0ec75843d65027214426b6b163b48b41",
                "firstSeenAt": "2026-07-08T04:26:25+00:00"
            }
        },
        "vlucas/phpdotenv": {
            "v5.6.3": {
                "sha256": "83e6d9477800b85568271c99613e371e5576ef2a785f19ccd6db2a81a183a20e",
                "sourceReference": "955e7815d677a3eaa7075231212f2110983adecc",
                "sourceUrl": "https://github.com/vlucas/phpdotenv.git",
                "distUrl": "https://api.github.com/repos/vlucas/phpdotenv/zipball/955e7815d677a3eaa7075231212f2110983adecc",
                "firstSeenAt": "2026-07-08T04:26:25+00:00"
            }
        },
        "voku/portable-ascii": {
            "2.1.1": {
                "sha256": "a6902aa7b789eb440a9374fc6e65da15c6cdd00064aeba8f389ef3e5e0e42799",
                "sourceReference": "8e1051fe39379367aecf014f41744ce7539a856f",
                "sourceUrl": "https://github.com/voku/portable-ascii.git",
                "distUrl": "https://api.github.com/repos/voku/portable-ascii/zipball/8e1051fe39379367aecf014f41744ce7539a856f",
                "firstSeenAt": "2026-07-08T04:26:25+00:00"
            }
        },
        "webmozart/assert": {
            "2.4.1": {
                "sha256": "5bb34f22839b658e60e80e32f7dffb3ae06b1eb8574b985386d4e504883dbbb4",
                "sourceReference": "2ccb7c2e821038c03a3e6e1700c570c158c55f70",
                "sourceUrl": "https://github.com/webmozarts/assert.git",
                "distUrl": "https://api.github.com/repos/webmozarts/assert/zipball/2ccb7c2e821038c03a3e6e1700c570c158c55f70",
                "firstSeenAt": "2026-07-08T04:26:25+00:00"
            }
        }
    }
}
